# This file is automatically @generated by Cargo.
# It is not intended for manual editing.
version = 4

[[package]]
name = "sentry-cli"
version = "0.1.0"
dependencies = [
 "sentry-policy",
]

[[package]]
name = "sentry-daemon"
version = "0.1.0"
dependencies = [
 "sentry-policy",
 "sentry-types",
]

[[package]]
name = "sentry-ebpf"
version = "0.1.0"
dependencies = [
 "sentry-types",
]

[[package]]
name = "sentry-policy"
version = "0.1.0"
dependencies = [
 "sentry-types",
]

[[package]]
name = "sentry-types"
version = "0.1.0"
